
Microsoft Visual Studio Solution File, Format Version 12.00
# Visual Studio Version 16
VisualStudioVersion = 16.0.30503.244
MinimumVisualStudioVersion = 10.0.40219.1
Project("{00D1A9C2-B5F0-4AF3-8072-F6C62B433612}") = "SchoolProject", "SchoolProject\SchoolProject.sqlproj", "{2D93A13E-C8A2-4913-9B4E-D29CCF2E894A}"
EndProject
Project("{FAE04EC0-301F-11D3-BF4B-00C04F79EFBC}") = "SchoolProject.Tests.cs", "SchoolProject.Tests.cs\SchoolProject.Tests.cs.csproj", "{A38E3D6F-CF47-4848-B834-54DB1AAF0C34}"
EndProject
Global
	GlobalSection(SolutionConfigurationPlatforms) = preSolution
		Debug|Any CPU = Debug|Any CPU
		Release|Any CPU = Release|Any CPU
	EndGlobalSection
	GlobalSection(ProjectConfigurationPlatforms) = postSolution
		{2D93A13E-C8A2-4913-9B4E-D29CCF2E894A}.Debug|Any CPU.ActiveCfg = Debug|Any CPU
		{2D93A13E-C8A2-4913-9B4E-D29CCF2E894A}.Debug|Any CPU.Build.0 = Debug|Any CPU
		{2D93A13E-C8A2-4913-9B4E-D29CCF2E894A}.Debug|Any CPU.Deploy.0 = Debug|Any CPU
		{2D93A13E-C8A2-4913-9B4E-D29CCF2E894A}.Release|Any CPU.ActiveCfg = Release|Any CPU
		{2D93A13E-C8A2-4913-9B4E-D29CCF2E894A}.Release|Any CPU.Build.0 = Release|Any CPU
		{2D93A13E-C8A2-4913-9B4E-D29CCF2E894A}.Release|Any CPU.Deploy.0 = Release|Any CPU
		{A38E3D6F-CF47-4848-B834-54DB1AAF0C34}.Debug|Any CPU.ActiveCfg = Debug|Any CPU
		{A38E3D6F-CF47-4848-B834-54DB1AAF0C34}.Debug|Any CPU.Build.0 = Debug|Any CPU
		{A38E3D6F-CF47-4848-B834-54DB1AAF0C34}.Release|Any CPU.ActiveCfg = Release|Any CPU
		{A38E3D6F-CF47-4848-B834-54DB1AAF0C34}.Release|Any CPU.Build.0 = Release|Any CPU
	EndGlobalSection
	GlobalSection(SolutionProperties) = preSolution
		HideSolutionNode = FALSE
	EndGlobalSection
	GlobalSection(ExtensibilityGlobals) = postSolution
		SolutionGuid = {A1949D39-6368-43C4-B926-0FB395D398D6}
	EndGlobalSection
EndGlobal
